{
  "name": "cobolx",
  "version": "1.0.2",
  "lockfileVersion": 3,
  "requires": true,
  "packages": {
    "": {
      "name": "cobolx",
      "version": "1.0.2",
      "hasInstallScript": true,
      "license": "MIT",
      "dependencies": {
        "cobolx": "^1.0.2-canary.24"
      },
      "bin": {
        "cobolx": "bin/cobolx.js"
      }
    },
    "node_modules/cobolx": {
      "version": "1.0.2-canary.24",
      "resolved": "https://registry.npmjs.org/cobolx/-/cobolx-1.0.2-canary.24.tgz",
      "integrity": "sha512-SZjZufuYF0m60S3BfSOU4F/s+X9khE2W0ltPV4Sb49wLZdKKfsMlSakOAr0TSdR84g156Bxezbv+uQxaBsuGIw==",
      "hasInstallScript": true,
      "license": "MIT",
      "bin": {
        "cobolx": "bin/cobolx.js"
      }
    }
  }
}
